
Microsoft Visual Studio Solution File, Format Version 10.00
# Visual Studio 2008
Project("{8BC9CEB8-8B4A-11D0-8D11-00A0C91BC942}") = "digital_rain", "digital_rain\digital_rain.vcproj", "{2C38649F-87F7-4735-BE1D-465F940B67F1}"
EndProject
Global
	GlobalSection(SolutionConfigurationPlatforms) = preSolution
		Debug|Win32 = Debug|Win32
		Release|Win32 = Release|Win32
	EndGlobalSection
	GlobalSection(ProjectConfigurationPlatforms) = postSolution
		{2C38649F-87F7-4735-BE1D-465F940B67F1}.Debug|Win32.ActiveCfg = Debug|Win32
		{2C38649F-87F7-4735-BE1D-465F940B67F1}.Debug|Win32.Build.0 = Debug|Win32
		{2C38649F-87F7-4735-BE1D-465F940B67F1}.Release|Win32.ActiveCfg = Release|Win32
		{2C38649F-87F7-4735-BE1D-465F940B67F1}.Release|Win32.Build.0 = Release|Win32
	EndGlobalSection
	GlobalSection(SolutionProperties) = preSolution
		HideSolutionNode = FALSE
	EndGlobalSection
EndGlobal
